// !$*UTF8*$!
{
	archiveVersion = 1;
	classes = {
	};
	objectVersion = 50;
	objects = {

/* Begin PBXBuildFile section */
		E8130CF624336B8E001A27AD /* UIColor+AdditionalColor.swift in Sources */ = {isa = PBXBuildFile; fileRef = E8130CF524336B8E001A27AD /* UIColor+AdditionalColor.swift */; };
		E8130CF824336F4E001A27AD /* country-by-name.json in Resources */ = {isa = PBXBuildFile; fileRef = E8130CF724336F4E001A27AD /* country-by-name.json */; };
		E8130CFA24338979001A27AD /* UIImage+BackgroundWeather.swift in Sources */ = {isa = PBXBuildFile; fileRef = E8130CF924338979001A27AD /* UIImage+BackgroundWeather.swift */; };
		E8130D072433B96B001A27AD /* Cities.json in Resources */ = {isa = PBXBuildFile; fileRef = E8130D062433B96B001A27AD /* Cities.json */; };
		E831BA6C2429FD7F00E78660 /* SettingsCell.swift in Sources */ = {isa = PBXBuildFile; fileRef = E831BA6B2429FD7F00E78660 /* SettingsCell.swift */; };
		E831BA6F242A05A100E78660 /* MainLocationCell.swift in Sources */ = {isa = PBXBuildFile; fileRef = E831BA6E242A05A100E78660 /* MainLocationCell.swift */; };
		E831BA71242A08F500E78660 /* AboutAppCell.swift in Sources */ = {isa = PBXBuildFile; fileRef = E831BA70242A08F500E78660 /* AboutAppCell.swift */; };
		E831BA73242A4E1300E78660 /* SettingsModel.swift in Sources */ = {isa = PBXBuildFile; fileRef = E831BA72242A4E1300E78660 /* SettingsModel.swift */; };
		E832C2FC242CE8BC001E7396 /* ChangeLocationCell.swift in Sources */ = {isa = PBXBuildFile; fileRef = E832C2FB242CE8BC001E7396 /* ChangeLocationCell.swift */; };
		E832C2FE242CEB20001E7396 /* SelectedLocationsCell.swift in Sources */ = {isa = PBXBuildFile; fileRef = E832C2FD242CEB20001E7396 /* SelectedLocationsCell.swift */; };
		E832C300242CF1D0001E7396 /* LaunchViewController.swift in Sources */ = {isa = PBXBuildFile; fileRef = E832C2FF242CF1D0001E7396 /* LaunchViewController.swift */; };
		E832C302242CF81E001E7396 /* UsersLocationDelegate.swift in Sources */ = {isa = PBXBuildFile; fileRef = E832C301242CF81E001E7396 /* UsersLocationDelegate.swift */; };
		E832C304242D1DCD001E7396 /* UserLocationDisabledCell.swift in Sources */ = {isa = PBXBuildFile; fileRef = E832C303242D1DCD001E7396 /* UserLocationDisabledCell.swift */; };
		E8A62B972428C94500072D04 /* Converter.swift in Sources */ = {isa = PBXBuildFile; fileRef = E8A62B962428C94500072D04 /* Converter.swift */; };
		E8A62B992428C97100072D04 /* Spaces.swift in Sources */ = {isa = PBXBuildFile; fileRef = E8A62B982428C97100072D04 /* Spaces.swift */; };
		E8A62B9F2429124700072D04 /* HourlyWeatherCell.swift in Sources */ = {isa = PBXBuildFile; fileRef = E8A62B9E2429124700072D04 /* HourlyWeatherCell.swift */; };
		E8DF804024277AAA0013777C /* Model.swift in Sources */ = {isa = PBXBuildFile; fileRef = E8DF803F24277AAA0013777C /* Model.swift */; };
		E8DF804424277B4A0013777C /* CoreLocation.framework in Frameworks */ = {isa = PBXBuildFile; fileRef = E8DF804324277B4A0013777C /* CoreLocation.framework */; };
		E8DF804724277B680013777C /* UsersLocation.swift in Sources */ = {isa = PBXBuildFile; fileRef = E8DF804624277B680013777C /* UsersLocation.swift */; };
		E8DF8049242780CC0013777C /* QueryService.swift in Sources */ = {isa = PBXBuildFile; fileRef = E8DF8048242780CC0013777C /* QueryService.swift */; };
		E8DF804B24278C120013777C /* MainScreenCell.swift in Sources */ = {isa = PBXBuildFile; fileRef = E8DF804A24278C120013777C /* MainScreenCell.swift */; };
		E8E41B9C242B46600009EB61 /* CountriesListController.swift in Sources */ = {isa = PBXBuildFile; fileRef = E8E41B9B242B46600009EB61 /* CountriesListController.swift */; };
		E8E41BA0242B4EEF0009EB61 /* Section.swift in Sources */ = {isa = PBXBuildFile; fileRef = E8E41B9F242B4EEF0009EB61 /* Section.swift */; };
		E8E41BA2242B65940009EB61 /* SavedLocationViewController.swift in Sources */ = {isa = PBXBuildFile; fileRef = E8E41BA1242B65940009EB61 /* SavedLocationViewController.swift */; };
		E8E41BA4242B69DF0009EB61 /* SavedLocationsCell.swift in Sources */ = {isa = PBXBuildFile; fileRef = E8E41BA3242B69DF0009EB61 /* SavedLocationsCell.swift */; };
		E8E41BA6242BB4450009EB61 /* AddLocationCell.swift in Sources */ = {isa = PBXBuildFile; fileRef = E8E41BA5242BB4450009EB61 /* AddLocationCell.swift */; };
		E8EB678224262285000C2766 /* AppDelegate.swift in Sources */ = {isa = PBXBuildFile; fileRef = E8EB678124262285000C2766 /* AppDelegate.swift */; };
		E8EB678624262285000C2766 /* ViewController.swift in Sources */ = {isa = PBXBuildFile; fileRef = E8EB678524262285000C2766 /* ViewController.swift */; };
		E8EB678B24262287000C2766 /* Assets.xcassets in Resources */ = {isa = PBXBuildFile; fileRef = E8EB678A24262287000C2766 /* Assets.xcassets */; };
		E8EB678E24262287000C2766 /* LaunchScreen.storyboard in Resources */ = {isa = PBXBuildFile; fileRef = E8EB678C24262287000C2766 /* LaunchScreen.storyboard */; };
		E8EB6796242622CE000C2766 /* SettingsViewController.swift in Sources */ = {isa = PBXBuildFile; fileRef = E8EB6795242622CE000C2766 /* SettingsViewController.swift */; };
		E8EB6798242622E8000C2766 /* UserSettings.swift in Sources */ = {isa = PBXBuildFile; fileRef = E8EB6797242622E8000C2766 /* UserSettings.swift */; };
		E8EB67A0242635E9000C2766 /* StaticSettingsCell.swift in Sources */ = {isa = PBXBuildFile; fileRef = E8EB679F242635E9000C2766 /* StaticSettingsCell.swift */; };
		E8F09C5C242B3E9F00C2DB5F /* ScrollingTableViewCell.swift in Sources */ = {isa = PBXBuildFile; fileRef = E8F09C5B242B3E9F00C2DB5F /* ScrollingTableViewCell.swift */; };
/* End PBXBuildFile section */

/* Begin PBXCopyFilesBuildPhase section */
		E8F09C5A242B3D8000C2DB5F /* CopyFiles */ = {
			isa = PBXCopyFilesBuildPhase;
			buildActionMask = 2147483647;
			dstPath = "";
			dstSubfolderSpec = 7;
			files = (
			);
			runOnlyForDeploymentPostprocessing = 0;
		};
/* End PBXCopyFilesBuildPhase section */

/* Begin PBXFileReference section */
		E8130CF524336B8E001A27AD /* UIColor+AdditionalColor.swift */ = {isa = PBXFileReference; lastKnownFileType = sourcecode.swift; path = "UIColor+AdditionalColor.swift"; sourceTree = "<group>"; };
		E8130CF724336F4E001A27AD /* country-by-name.json */ = {isa = PBXFileReference; fileEncoding = 4; lastKnownFileType = text.json; name = "country-by-name.json"; path = "../../country-by-name.json"; sourceTree = "<group>"; };
		E8130CF924338979001A27AD /* UIImage+BackgroundWeather.swift */ = {isa = PBXFileReference; lastKnownFileType = sourcecode.swift; path = "UIImage+BackgroundWeather.swift"; sourceTree = "<group>"; };
		E8130D062433B96B001A27AD /* Cities.json */ = {isa = PBXFileReference; fileEncoding = 4; lastKnownFileType = text.json; name = Cities.json; path = Resources/Cities.json; sourceTree = "<group>"; };
		E831BA6B2429FD7F00E78660 /* SettingsCell.swift */ = {isa = PBXFileReference; lastKnownFileType = sourcecode.swift; path = SettingsCell.swift; sourceTree = "<group>"; };
		E831BA6E242A05A100E78660 /* MainLocationCell.swift */ = {isa = PBXFileReference; lastKnownFileType = sourcecode.swift; path = MainLocationCell.swift; sourceTree = "<group>"; };
		E831BA70242A08F500E78660 /* AboutAppCell.swift */ = {isa = PBXFileReference; lastKnownFileType = sourcecode.swift; path = AboutAppCell.swift; sourceTree = "<group>"; };
		E831BA72242A4E1300E78660 /* SettingsModel.swift */ = {isa = PBXFileReference; lastKnownFileType = sourcecode.swift; path = SettingsModel.swift; sourceTree = "<group>"; };
		E832C2FB242CE8BC001E7396 /* ChangeLocationCell.swift */ = {isa = PBXFileReference; lastKnownFileType = sourcecode.swift; path = ChangeLocationCell.swift; sourceTree = "<group>"; };
		E832C2FD242CEB20001E7396 /* SelectedLocationsCell.swift */ = {isa = PBXFileReference; lastKnownFileType = sourcecode.swift; path = SelectedLocationsCell.swift; sourceTree = "<group>"; };
		E832C2FF242CF1D0001E7396 /* LaunchViewController.swift */ = {isa = PBXFileReference; lastKnownFileType = sourcecode.swift; path = LaunchViewController.swift; sourceTree = "<group>"; };
		E832C301242CF81E001E7396 /* UsersLocationDelegate.swift */ = {isa = PBXFileReference; lastKnownFileType = sourcecode.swift; path = UsersLocationDelegate.swift; sourceTree = "<group>"; };
		E832C303242D1DCD001E7396 /* UserLocationDisabledCell.swift */ = {isa = PBXFileReference; lastKnownFileType = sourcecode.swift; path = UserLocationDisabledCell.swift; sourceTree = "<group>"; };
		E8A62B962428C94500072D04 /* Converter.swift */ = {isa = PBXFileReference; lastKnownFileType = sourcecode.swift; path = Converter.swift; sourceTree = "<group>"; };
		E8A62B982428C97100072D04 /* Spaces.swift */ = {isa = PBXFileReference; lastKnownFileType = sourcecode.swift; path = Spaces.swift; sourceTree = "<group>"; };
		E8A62B9E2429124700072D04 /* HourlyWeatherCell.swift */ = {isa = PBXFileReference; lastKnownFileType = sourcecode.swift; path = HourlyWeatherCell.swift; sourceTree = "<group>"; };
		E8DF803F24277AAA0013777C /* Model.swift */ = {isa = PBXFileReference; lastKnownFileType = sourcecode.swift; path = Model.swift; sourceTree = "<group>"; };
		E8DF804324277B4A0013777C /* CoreLocation.framework */ = {isa = PBXFileReference; lastKnownFileType = wrapper.framework; name = CoreLocation.framework; path = System/Library/Frameworks/CoreLocation.framework; sourceTree = SDKROOT; };
		E8DF804624277B680013777C /* UsersLocation.swift */ = {isa = PBXFileReference; lastKnownFileType = sourcecode.swift; path = UsersLocation.swift; sourceTree = "<group>"; };
		E8DF8048242780CC0013777C /* QueryService.swift */ = {isa = PBXFileReference; lastKnownFileType = sourcecode.swift; path = QueryService.swift; sourceTree = "<group>"; };
		E8DF804A24278C120013777C /* MainScreenCell.swift */ = {isa = PBXFileReference; lastKnownFileType = sourcecode.swift; path = MainScreenCell.swift; sourceTree = "<group>"; };
		E8E41B9B242B46600009EB61 /* CountriesListController.swift */ = {isa = PBXFileReference; fileEncoding = 4; lastKnownFileType = sourcecode.swift; path = CountriesListController.swift; sourceTree = "<group>"; };
		E8E41B9F242B4EEF0009EB61 /* Section.swift */ = {isa = PBXFileReference; lastKnownFileType = sourcecode.swift; path = Section.swift; sourceTree = "<group>"; };
		E8E41BA1242B65940009EB61 /* SavedLocationViewController.swift */ = {isa = PBXFileReference; lastKnownFileType = sourcecode.swift; path = SavedLocationViewController.swift; sourceTree = "<group>"; };
		E8E41BA3242B69DF0009EB61 /* SavedLocationsCell.swift */ = {isa = PBXFileReference; lastKnownFileType = sourcecode.swift; path = SavedLocationsCell.swift; sourceTree = "<group>"; };
		E8E41BA5242BB4450009EB61 /* AddLocationCell.swift */ = {isa = PBXFileReference; lastKnownFileType = sourcecode.swift; path = AddLocationCell.swift; sourceTree = "<group>"; };
		E8EB677E24262285000C2766 /* WeatherApp.app */ = {isa = PBXFileReference; explicitFileType = wrapper.application; includeInIndex = 0; path = WeatherApp.app; sourceTree = BUILT_PRODUCTS_DIR; };
		E8EB678124262285000C2766 /* AppDelegate.swift */ = {isa = PBXFileReference; lastKnownFileType = sourcecode.swift; path = AppDelegate.swift; sourceTree = "<group>"; };
		E8EB678524262285000C2766 /* ViewController.swift */ = {isa = PBXFileReference; lastKnownFileType = sourcecode.swift; path = ViewController.swift; sourceTree = "<group>"; };
		E8EB678A24262287000C2766 /* Assets.xcassets */ = {isa = PBXFileReference; lastKnownFileType = folder.assetcatalog; path = Assets.xcassets; sourceTree = "<group>"; };
		E8EB678D24262287000C2766 /* Base */ = {isa = PBXFileReference; lastKnownFileType = file.storyboard; name = Base; path = Base.lproj/LaunchScreen.storyboard; sourceTree = "<group>"; };
		E8EB678F24262287000C2766 /* Info.plist */ = {isa = PBXFileReference; lastKnownFileType = text.plist.xml; path = Info.plist; sourceTree = "<group>"; };
		E8EB6795242622CE000C2766 /* SettingsViewController.swift */ = {isa = PBXFileReference; lastKnownFileType = sourcecode.swift; path = SettingsViewController.swift; sourceTree = "<group>"; };
		E8EB6797242622E8000C2766 /* UserSettings.swift */ = {isa = PBXFileReference; lastKnownFileType = sourcecode.swift; path = UserSettings.swift; sourceTree = "<group>"; };
		E8EB679F242635E9000C2766 /* StaticSettingsCell.swift */ = {isa = PBXFileReference; lastKnownFileType = sourcecode.swift; path = StaticSettingsCell.swift; sourceTree = "<group>"; };
		E8F09C5B242B3E9F00C2DB5F /* ScrollingTableViewCell.swift */ = {isa = PBXFileReference; lastKnownFileType = sourcecode.swift; path = ScrollingTableViewCell.swift; sourceTree = "<group>"; };
/* End PBXFileReference section */

/* Begin PBXFrameworksBuildPhase section */
		E8EB677B24262285000C2766 /* Frameworks */ = {
			isa = PBXFrameworksBuildPhase;
			buildActionMask = 2147483647;
			files = (
				E8DF804424277B4A0013777C /* CoreLocation.framework in Frameworks */,
			);
			runOnlyForDeploymentPostprocessing = 0;
		};
/* End PBXFrameworksBuildPhase section */

/* Begin PBXGroup section */
		E80F602B242B3940000B12E9 /* Network */ = {
			isa = PBXGroup;
			children = (
				E8DF803F24277AAA0013777C /* Model.swift */,
				E8DF8048242780CC0013777C /* QueryService.swift */,
			);
			path = Network;
			sourceTree = "<group>";
		};
		E80F602C242B3976000B12E9 /* UserSettings */ = {
			isa = PBXGroup;
			children = (
				E8EB6797242622E8000C2766 /* UserSettings.swift */,
				E831BA72242A4E1300E78660 /* SettingsModel.swift */,
			);
			path = UserSettings;
			sourceTree = "<group>";
		};
		E80F602D242B3981000B12E9 /* SettingsViewController */ = {
			isa = PBXGroup;
			children = (
				E8130CFD24339011001A27AD /* SettingsViewControllerCells */,
				E8EB6795242622CE000C2766 /* SettingsViewController.swift */,
			);
			path = SettingsViewController;
			sourceTree = "<group>";
		};
		E8130CF424336B6D001A27AD /* Categories */ = {
			isa = PBXGroup;
			children = (
				E8130CF524336B8E001A27AD /* UIColor+AdditionalColor.swift */,
				E8130CF924338979001A27AD /* UIImage+BackgroundWeather.swift */,
			);
			path = Categories;
			sourceTree = "<group>";
		};
		E8130CFB24338FD6001A27AD /* ViewControllerCells */ = {
			isa = PBXGroup;
			children = (
				E8EB679F242635E9000C2766 /* StaticSettingsCell.swift */,
				E8DF804A24278C120013777C /* MainScreenCell.swift */,
				E8A62B9E2429124700072D04 /* HourlyWeatherCell.swift */,
				E8F09C5B242B3E9F00C2DB5F /* ScrollingTableViewCell.swift */,
				E832C303242D1DCD001E7396 /* UserLocationDisabledCell.swift */,
			);
			path = ViewControllerCells;
			sourceTree = "<group>";
		};
		E8130CFC24338FF3001A27AD /* SavedLocationViewControllerCells */ = {
			isa = PBXGroup;
			children = (
				E8E41BA5242BB4450009EB61 /* AddLocationCell.swift */,
				E8E41BA3242B69DF0009EB61 /* SavedLocationsCell.swift */,
				E832C2FB242CE8BC001E7396 /* ChangeLocationCell.swift */,
				E832C2FD242CEB20001E7396 /* SelectedLocationsCell.swift */,
			);
			path = SavedLocationViewControllerCells;
			sourceTree = "<group>";
		};
		E8130CFD24339011001A27AD /* SettingsViewControllerCells */ = {
			isa = PBXGroup;
			children = (
				E831BA6B2429FD7F00E78660 /* SettingsCell.swift */,
				E831BA6E242A05A100E78660 /* MainLocationCell.swift */,
				E831BA70242A08F500E78660 /* AboutAppCell.swift */,
			);
			path = SettingsViewControllerCells;
			sourceTree = "<group>";
		};
		E87BBFBB2432144B0035FC5D /* SavedLocationsViewController */ = {
			isa = PBXGroup;
			children = (
				E8130CFC24338FF3001A27AD /* SavedLocationViewControllerCells */,
				E8E41BA1242B65940009EB61 /* SavedLocationViewController.swift */,
			);
			path = SavedLocationsViewController;
			sourceTree = "<group>";
		};
		E87BBFBC243214910035FC5D /* CountriesListViewController */ = {
			isa = PBXGroup;
			children = (
				E8E41B9F242B4EEF0009EB61 /* Section.swift */,
				E8E41B9B242B46600009EB61 /* CountriesListController.swift */,
			);
			path = CountriesListViewController;
			sourceTree = "<group>";
		};
		E87BBFBD243214C60035FC5D /* WeatherViewController */ = {
			isa = PBXGroup;
			children = (
				E8130CFB24338FD6001A27AD /* ViewControllerCells */,
				E8EB678524262285000C2766 /* ViewController.swift */,
			);
			path = WeatherViewController;
			sourceTree = "<group>";
		};
		E87BBFBE243245300035FC5D /* UsersLocation */ = {
			isa = PBXGroup;
			children = (
				E8DF804624277B680013777C /* UsersLocation.swift */,
				E832C301242CF81E001E7396 /* UsersLocationDelegate.swift */,
			);
			path = UsersLocation;
			sourceTree = "<group>";
		};
		E87BBFBF2432456F0035FC5D /* LaunchViewController */ = {
			isa = PBXGroup;
			children = (
				E832C2FF242CF1D0001E7396 /* LaunchViewController.swift */,
			);
			path = LaunchViewController;
			sourceTree = "<group>";
		};
		E8DF804224277B4A0013777C /* Frameworks */ = {
			isa = PBXGroup;
			children = (
				E8DF804324277B4A0013777C /* CoreLocation.framework */,
			);
			name = Frameworks;
			sourceTree = "<group>";
		};
		E8EB677524262285000C2766 = {
			isa = PBXGroup;
			children = (
				E8EB678024262285000C2766 /* WeatherApp */,
				E8EB677F24262285000C2766 /* Products */,
				E8DF804224277B4A0013777C /* Frameworks */,
			);
			sourceTree = "<group>";
		};
		E8EB677F24262285000C2766 /* Products */ = {
			isa = PBXGroup;
			children = (
				E8EB677E24262285000C2766 /* WeatherApp.app */,
			);
			name = Products;
			sourceTree = "<group>";
		};
		E8EB678024262285000C2766 /* WeatherApp */ = {
			isa = PBXGroup;
			children = (
				E8130CF424336B6D001A27AD /* Categories */,
				E8EB67A12426367C000C2766 /* Constants */,
				E8EB678124262285000C2766 /* AppDelegate.swift */,
				E87BBFBF2432456F0035FC5D /* LaunchViewController */,
				E87BBFBD243214C60035FC5D /* WeatherViewController */,
				E87BBFBB2432144B0035FC5D /* SavedLocationsViewController */,
				E87BBFBC243214910035FC5D /* CountriesListViewController */,
				E80F602D242B3981000B12E9 /* SettingsViewController */,
				E80F602C242B3976000B12E9 /* UserSettings */,
				E8EB678A24262287000C2766 /* Assets.xcassets */,
				E8EB678C24262287000C2766 /* LaunchScreen.storyboard */,
				E8EB678F24262287000C2766 /* Info.plist */,
				E8130CF724336F4E001A27AD /* country-by-name.json */,
				E8130D062433B96B001A27AD /* Cities.json */,
				E80F602B242B3940000B12E9 /* Network */,
				E8A62B962428C94500072D04 /* Converter.swift */,
				E87BBFBE243245300035FC5D /* UsersLocation */,
			);
			path = WeatherApp;
			sourceTree = "<group>";
		};
		E8EB67A12426367C000C2766 /* Constants */ = {
			isa = PBXGroup;
			children = (
				E8A62B982428C97100072D04 /* Spaces.swift */,
			);
			path = Constants;
			sourceTree = "<group>";
		};
/* End PBXGroup section */

/* Begin PBXHeadersBuildPhase section */
		E8F09C59242B3D7100C2DB5F /* Headers */ = {
			isa = PBXHeadersBuildPhase;
			buildActionMask = 2147483647;
			files = (
			);
			runOnlyForDeploymentPostprocessing = 0;
		};
/* End PBXHeadersBuildPhase section */

/* Begin PBXNativeTarget section */
		E8EB677D24262285000C2766 /* WeatherApp */ = {
			isa = PBXNativeTarget;
			buildConfigurationList = E8EB679224262287000C2766 /* Build configuration list for PBXNativeTarget "WeatherApp" */;
			buildPhases = (
				E8F09C59242B3D7100C2DB5F /* Headers */,
				E8EB677A24262285000C2766 /* Sources */,
				E8EB677B24262285000C2766 /* Frameworks */,
				E8EB677C24262285000C2766 /* Resources */,
				E8F09C5A242B3D8000C2DB5F /* CopyFiles */,
			);
			buildRules = (
			);
			dependencies = (
			);
			name = WeatherApp;
			productName = WeatherApp;
			productReference = E8EB677E24262285000C2766 /* WeatherApp.app */;
			productType = "com.apple.product-type.application";
		};
/* End PBXNativeTarget section */

/* Begin PBXProject section */
		E8EB677624262285000C2766 /* Project object */ = {
			isa = PBXProject;
			attributes = {
				LastSwiftUpdateCheck = 1130;
				LastUpgradeCheck = 1130;
				ORGANIZATIONNAME = Marentilo;
				TargetAttributes = {
					E8EB677D24262285000C2766 = {
						CreatedOnToolsVersion = 11.3;
					};
				};
			};
			buildConfigurationList = E8EB677924262285000C2766 /* Build configuration list for PBXProject "WeatherApp" */;
			compatibilityVersion = "Xcode 9.3";
			developmentRegion = en;
			hasScannedForEncodings = 0;
			knownRegions = (
				en,
				Base,
			);
			mainGroup = E8EB677524262285000C2766;
			productRefGroup = E8EB677F24262285000C2766 /* Products */;
			projectDirPath = "";
			projectRoot = "";
			targets = (
				E8EB677D24262285000C2766 /* WeatherApp */,
			);
		};
/* End PBXProject section */

/* Begin PBXResourcesBuildPhase section */
		E8EB677C24262285000C2766 /* Resources */ = {
			isa = PBXResourcesBuildPhase;
			buildActionMask = 2147483647;
			files = (
				E8130D072433B96B001A27AD /* Cities.json in Resources */,
				E8130CF824336F4E001A27AD /* country-by-name.json in Resources */,
				E8EB678E24262287000C2766 /* LaunchScreen.storyboard in Resources */,
				E8EB678B24262287000C2766 /* Assets.xcassets in Resources */,
			);
			runOnlyForDeploymentPostprocessing = 0;
		};
/* End PBXResourcesBuildPhase section */

/* Begin PBXSourcesBuildPhase section */
		E8EB677A24262285000C2766 /* Sources */ = {
			isa = PBXSourcesBuildPhase;
			buildActionMask = 2147483647;
			files = (
				E8DF804724277B680013777C /* UsersLocation.swift in Sources */,
				E8E41BA2242B65940009EB61 /* SavedLocationViewController.swift in Sources */,
				E8DF804B24278C120013777C /* MainScreenCell.swift in Sources */,
				E8A62B992428C97100072D04 /* Spaces.swift in Sources */,
				E831BA6C2429FD7F00E78660 /* SettingsCell.swift in Sources */,
				E832C302242CF81E001E7396 /* UsersLocationDelegate.swift in Sources */,
				E8F09C5C242B3E9F00C2DB5F /* ScrollingTableViewCell.swift in Sources */,
				E8DF804024277AAA0013777C /* Model.swift in Sources */,
				E8E41BA4242B69DF0009EB61 /* SavedLocationsCell.swift in Sources */,
				E8E41BA0242B4EEF0009EB61 /* Section.swift in Sources */,
				E831BA71242A08F500E78660 /* AboutAppCell.swift in Sources */,
				E8E41BA6242BB4450009EB61 /* AddLocationCell.swift in Sources */,
				E8EB678624262285000C2766 /* ViewController.swift in Sources */,
				E8A62B9F2429124700072D04 /* HourlyWeatherCell.swift in Sources */,
				E831BA6F242A05A100E78660 /* MainLocationCell.swift in Sources */,
				E8EB6798242622E8000C2766 /* UserSettings.swift in Sources */,
				E831BA73242A4E1300E78660 /* SettingsModel.swift in Sources */,
				E832C2FC242CE8BC001E7396 /* ChangeLocationCell.swift in Sources */,
				E8EB67A0242635E9000C2766 /* StaticSettingsCell.swift in Sources */,
				E8EB678224262285000C2766 /* AppDelegate.swift in Sources */,
				E8A62B972428C94500072D04 /* Converter.swift in Sources */,
				E8EB6796242622CE000C2766 /* SettingsViewController.swift in Sources */,
				E8DF8049242780CC0013777C /* QueryService.swift in Sources */,
				E832C2FE242CEB20001E7396 /* SelectedLocationsCell.swift in Sources */,
				E832C300242CF1D0001E7396 /* LaunchViewController.swift in Sources */,
				E8130CFA24338979001A27AD /* UIImage+BackgroundWeather.swift in Sources */,
				E832C304242D1DCD001E7396 /* UserLocationDisabledCell.swift in Sources */,
				E8E41B9C242B46600009EB61 /* CountriesListController.swift in Sources */,
				E8130CF624336B8E001A27AD /* UIColor+AdditionalColor.swift in Sources */,
			);
			runOnlyForDeploymentPostprocessing = 0;
		};
/* End PBXSourcesBuildPhase section */

/* Begin PBXVariantGroup section */
		E8EB678C24262287000C2766 /* LaunchScreen.storyboard */ = {
			isa = PBXVariantGroup;
			children = (
				E8EB678D24262287000C2766 /* Base */,
			);
			name = LaunchScreen.storyboard;
			sourceTree = "<group>";
		};
/* End PBXVariantGroup section */

/* Begin XCBuildConfiguration section */
		E8EB679024262287000C2766 /* Debug */ = {
			isa = XCBuildConfiguration;
			buildSettings = {
				ALWAYS_SEARCH_USER_PATHS = NO;
				CLANG_ANALYZER_NONNULL = YES;
				CLANG_ANALYZER_NUMBER_OBJECT_CONVERSION = YES_AGGRESSIVE;
				CLANG_CXX_LANGUAGE_STANDARD = "gnu++14";
				CLANG_CXX_LIBRARY = "libc++";
				CLANG_ENABLE_MODULES = YES;
				CLANG_ENABLE_OBJC_ARC = YES;
				CLANG_ENABLE_OBJC_WEAK = YES;
				CLANG_WARN_BLOCK_CAPTURE_AUTORELEASING = YES;
				CLANG_WARN_BOOL_CONVERSION = YES;
				CLANG_WARN_COMMA = YES;
				CLANG_WARN_CONSTANT_CONVERSION = YES;
				CLANG_WARN_DEPRECATED_OBJC_IMPLEMENTATIONS = YES;
				CLANG_WARN_DIRECT_OBJC_ISA_USAGE = YES_ERROR;
				CLANG_WARN_DOCUMENTATION_COMMENTS = YES;
				CLANG_WARN_EMPTY_BODY = YES;
				CLANG_WARN_ENUM_CONVERSION = YES;
				CLANG_WARN_INFINITE_RECURSION = YES;
				CLANG_WARN_INT_CONVERSION = YES;
				CLANG_WARN_NON_LITERAL_NULL_CONVERSION = YES;
				CLANG_WARN_OBJC_IMPLICIT_RETAIN_SELF = YES;
				CLANG_WARN_OBJC_LITERAL_CONVERSION = YES;
				CLANG_WARN_OBJC_ROOT_CLASS = YES_ERROR;
				CLANG_WARN_RANGE_LOOP_ANALYSIS = YES;
				CLANG_WARN_STRICT_PROTOTYPES = YES;
				CLANG_WARN_SUSPICIOUS_MOVE = YES;
				CLANG_WARN_UNGUARDED_AVAILABILITY = YES_AGGRESSIVE;
				CLANG_WARN_UNREACHABLE_CODE = YES;
				CLANG_WARN__DUPLICATE_METHOD_MATCH = YES;
				COPY_PHASE_STRIP = NO;
				DEBUG_INFORMATION_FORMAT = dwarf;
				ENABLE_STRICT_OBJC_MSGSEND = YES;
				ENABLE_TESTABILITY = YES;
				GCC_C_LANGUAGE_STANDARD = gnu11;
				GCC_DYNAMIC_NO_PIC = NO;
				GCC_NO_COMMON_BLOCKS = YES;
				GCC_OPTIMIZATION_LEVEL = 0;
				GCC_PREPROCESSOR_DEFINITIONS = (
					"DEBUG=1",
					"$(inherited)",
				);
				GCC_WARN_64_TO_32_BIT_CONVERSION = YES;
				GCC_WARN_ABOUT_RETURN_TYPE = YES_ERROR;
				GCC_WARN_UNDECLARED_SELECTOR = YES;
				GCC_WARN_UNINITIALIZED_AUTOS = YES_AGGRESSIVE;
				GCC_WARN_UNUSED_FUNCTION = YES;
				GCC_WARN_UNUSED_VARIABLE = YES;
				IPHONEOS_DEPLOYMENT_TARGET = 12.1;
				MTL_ENABLE_DEBUG_INFO = INCLUDE_SOURCE;
				MTL_FAST_MATH = YES;
				ONLY_ACTIVE_ARCH = YES;
				SDKROOT = iphoneos;
				SWIFT_ACTIVE_COMPILATION_CONDITIONS = DEBUG;
				SWIFT_OPTIMIZATION_LEVEL = "-Onone";
			};
			name = Debug;
		};
		E8EB679124262287000C2766 /* Release */ = {
			isa = XCBuildConfiguration;
			buildSettings = {
				ALWAYS_SEARCH_USER_PATHS = NO;
				CLANG_ANALYZER_NONNULL = YES;
				CLANG_ANALYZER_NUMBER_OBJECT_CONVERSION = YES_AGGRESSIVE;
				CLANG_CXX_LANGUAGE_STANDARD = "gnu++14";
				CLANG_CXX_LIBRARY = "libc++";
				CLANG_ENABLE_MODULES = YES;
				CLANG_ENABLE_OBJC_ARC = YES;
				CLANG_ENABLE_OBJC_WEAK = YES;
				CLANG_WARN_BLOCK_CAPTURE_AUTORELEASING = YES;
				CLANG_WARN_BOOL_CONVERSION = YES;
				CLANG_WARN_COMMA = YES;
				CLANG_WARN_CONSTANT_CONVERSION = YES;
				CLANG_WARN_DEPRECATED_OBJC_IMPLEMENTATIONS = YES;
				CLANG_WARN_DIRECT_OBJC_ISA_USAGE = YES_ERROR;
				CLANG_WARN_DOCUMENTATION_COMMENTS = YES;
				CLANG_WARN_EMPTY_BODY = YES;
				CLANG_WARN_ENUM_CONVERSION = YES;
				CLANG_WARN_INFINITE_RECURSION = YES;
				CLANG_WARN_INT_CONVERSION = YES;
				CLANG_WARN_NON_LITERAL_NULL_CONVERSION = YES;
				CLANG_WARN_OBJC_IMPLICIT_RETAIN_SELF = YES;
				CLANG_WARN_OBJC_LITERAL_CONVERSION = YES;
				CLANG_WARN_OBJC_ROOT_CLASS = YES_ERROR;
				CLANG_WARN_RANGE_LOOP_ANALYSIS = YES;
				CLANG_WARN_STRICT_PROTOTYPES = YES;
				CLANG_WARN_SUSPICIOUS_MOVE = YES;
				CLANG_WARN_UNGUARDED_AVAILABILITY = YES_AGGRESSIVE;
				CLANG_WARN_UNREACHABLE_CODE = YES;
				CLANG_WARN__DUPLICATE_METHOD_MATCH = YES;
				COPY_PHASE_STRIP = NO;
				DEBUG_INFORMATION_FORMAT = "dwarf-with-dsym";
				ENABLE_NS_ASSERTIONS = NO;
				ENABLE_STRICT_OBJC_MSGSEND = YES;
				GCC_C_LANGUAGE_STANDARD = gnu11;
				GCC_NO_COMMON_BLOCKS = YES;
				GCC_WARN_64_TO_32_BIT_CONVERSION = YES;
				GCC_WARN_ABOUT_RETURN_TYPE = YES_ERROR;
				GCC_WARN_UNDECLARED_SELECTOR = YES;
				GCC_WARN_UNINITIALIZED_AUTOS = YES_AGGRESSIVE;
				GCC_WARN_UNUSED_FUNCTION = YES;
				GCC_WARN_UNUSED_VARIABLE = YES;
				IPHONEOS_DEPLOYMENT_TARGET = 12.1;
				MTL_ENABLE_DEBUG_INFO = NO;
				MTL_FAST_MATH = YES;
				SDKROOT = iphoneos;
				SWIFT_COMPILATION_MODE = wholemodule;
				SWIFT_OPTIMIZATION_LEVEL = "-O";
				VALIDATE_PRODUCT = YES;
			};
			name = Release;
		};
		E8EB679324262287000C2766 /* Debug */ = {
			isa = XCBuildConfiguration;
			buildSettings = {
				ASSETCATALOG_COMPILER_APPICON_NAME = AppIcon;
				CODE_SIGN_STYLE = Automatic;
				DEVELOPMENT_TEAM = 4Y5NM4C9D2;
				INFOPLIST_FILE = WeatherApp/Info.plist;
				LD_RUNPATH_SEARCH_PATHS = (
					"$(inherited)",
					"@executable_path/Frameworks",
				);
				PRODUCT_BUNDLE_IDENTIFIER = "Bilous-Aleksandr.WeatherApp";
				PRODUCT_NAME = "$(TARGET_NAME)";
				SWIFT_VERSION = 5.0;
				TARGETED_DEVICE_FAMILY = "1,2";
			};
			name = Debug;
		};
		E8EB679424262287000C2766 /* Release */ = {
			isa = XCBuildConfiguration;
			buildSettings = {
				ASSETCATALOG_COMPILER_APPICON_NAME = AppIcon;
				CODE_SIGN_STYLE = Automatic;
				DEVELOPMENT_TEAM = 4Y5NM4C9D2;
				INFOPLIST_FILE = WeatherApp/Info.plist;
				LD_RUNPATH_SEARCH_PATHS = (
					"$(inherited)",
					"@executable_path/Frameworks",
				);
				PRODUCT_BUNDLE_IDENTIFIER = "Bilous-Aleksandr.WeatherApp";
				PRODUCT_NAME = "$(TARGET_NAME)";
				SWIFT_VERSION = 5.0;
				TARGETED_DEVICE_FAMILY = "1,2";
			};
			name = Release;
		};
/* End XCBuildConfiguration section */

/* Begin XCConfigurationList section */
		E8EB677924262285000C2766 /* Build configuration list for PBXProject "WeatherApp" */ = {
			isa = XCConfigurationList;
			buildConfigurations = (
				E8EB679024262287000C2766 /* Debug */,
				E8EB679124262287000C2766 /* Release */,
			);
			defaultConfigurationIsVisible = 0;
			defaultConfigurationName = Release;
		};
		E8EB679224262287000C2766 /* Build configuration list for PBXNativeTarget "WeatherApp" */ = {
			isa = XCConfigurationList;
			buildConfigurations = (
				E8EB679324262287000C2766 /* Debug */,
				E8EB679424262287000C2766 /* Release */,
			);
			defaultConfigurationIsVisible = 0;
			defaultConfigurationName = Release;
		};
/* End XCConfigurationList section */
	};
	rootObject = E8EB677624262285000C2766 /* Project object */;
}
